
Microsoft Visual Studio Solution File, Format Version 12.00
# Visual Studio Version 17
VisualStudioVersion = 17.0.31903.59
MinimumVisualStudioVersion = 10.0.40219.1
Project("{FAE04EC0-301F-11D3-BF4B-00C04F79EFBC}") = "project.Core", "project.Core\project.Core.csproj", "{A7E97B6E-A1F0-4A61-A669-3A0A46B32218}"
EndProject
Project("{FAE04EC0-301F-11D3-BF4B-00C04F79EFBC}") = "project.Tests", "project.Tests\project.Tests.csproj", "{685ECB04-38FB-4D45-83C7-0E9F6019BCA1}"
EndProject
Project("{FAE04EC0-301F-11D3-BF4B-00C04F79EFBC}") = "project.Webapi", "project.Webapi\project.Webapi.csproj", "{B8E6F6B7-FCDE-4E5B-8D6F-82BD397082E6}"
EndProject
Project("{FAE04EC0-301F-11D3-BF4B-00C04F79EFBC}") = "project.Console", "project.Console\project.Console.csproj", "{C1D3A300-1234-4F56-8ABC-1234567890AB}"
EndProject
Global
	GlobalSection(SolutionConfigurationPlatforms) = preSolution
		Debug|Any CPU = Debug|Any CPU
		Debug|x64 = Debug|x64
		Debug|x86 = Debug|x86
		Release|Any CPU = Release|Any CPU
		Release|x64 = Release|x64
		Release|x86 = Release|x86
	EndGlobalSection
	GlobalSection(ProjectConfigurationPlatforms) = postSolution
		{A7E97B6E-A1F0-4A61-A669-3A0A46B32218}.Debug|Any CPU.ActiveCfg = Debug|Any CPU
		{A7E97B6E-A1F0-4A61-A669-3A0A46B32218}.Debug|Any CPU.Build.0 = Debug|Any CPU
		{A7E97B6E-A1F0-4A61-A669-3A0A46B32218}.Debug|x64.ActiveCfg = Debug|Any CPU
		{A7E97B6E-A1F0-4A61-A669-3A0A46B32218}.Debug|x64.Build.0 = Debug|Any CPU
		{A7E97B6E-A1F0-4A61-A669-3A0A46B32218}.Debug|x86.ActiveCfg = Debug|Any CPU
		{A7E97B6E-A1F0-4A61-A669-3A0A46B32218}.Debug|x86.Build.0 = Debug|Any CPU
		{A7E97B6E-A1F0-4A61-A669-3A0A46B32218}.Release|Any CPU.ActiveCfg = Release|Any CPU
		{A7E97B6E-A1F0-4A61-A669-3A0A46B32218}.Release|Any CPU.Build.0 = Release|Any CPU
		{A7E97B6E-A1F0-4A61-A669-3A0A46B32218}.Release|x64.ActiveCfg = Release|Any CPU
		{A7E97B6E-A1F0-4A61-A669-3A0A46B32218}.Release|x64.Build.0 = Release|Any CPU
		{A7E97B6E-A1F0-4A61-A669-3A0A46B32218}.Release|x86.ActiveCfg = Release|Any CPU
		{A7E97B6E-A1F0-4A61-A669-3A0A46B32218}.Release|x86.Build.0 = Release|Any CPU
		{685ECB04-38FB-4D45-83C7-0E9F6019BCA1}.Debug|Any CPU.ActiveCfg = Debug|Any CPU
		{685ECB04-38FB-4D45-83C7-0E9F6019BCA1}.Debug|Any CPU.Build.0 = Debug|Any CPU
		{685ECB04-38FB-4D45-83C7-0E9F6019BCA1}.Debug|x64.ActiveCfg = Debug|Any CPU
		{685ECB04-38FB-4D45-83C7-0E9F6019BCA1}.Debug|x64.Build.0 = Debug|Any CPU
		{685ECB04-38FB-4D45-83C7-0E9F6019BCA1}.Debug|x86.ActiveCfg = Debug|Any CPU
		{685ECB04-38FB-4D45-83C7-0E9F6019BCA1}.Debug|x86.Build.0 = Debug|Any CPU
		{685ECB04-38FB-4D45-83C7-0E9F6019BCA1}.Release|Any CPU.ActiveCfg = Release|Any CPU
		{685ECB04-38FB-4D45-83C7-0E9F6019BCA1}.Release|Any CPU.Build.0 = Release|Any CPU
		{685ECB04-38FB-4D45-83C7-0E9F6019BCA1}.Release|x64.ActiveCfg = Release|Any CPU
		{685ECB04-38FB-4D45-83C7-0E9F6019BCA1}.Release|x64.Build.0 = Release|Any CPU
		{685ECB04-38FB-4D45-83C7-0E9F6019BCA1}.Release|x86.ActiveCfg = Release|Any CPU
		{685ECB04-38FB-4D45-83C7-0E9F6019BCA1}.Release|x86.Build.0 = Release|Any CPU
		{B8E6F6B7-FCDE-4E5B-8D6F-82BD397082E6}.Debug|Any CPU.ActiveCfg = Debug|Any CPU
		{B8E6F6B7-FCDE-4E5B-8D6F-82BD397082E6}.Debug|Any CPU.Build.0 = Debug|Any CPU
		{B8E6F6B7-FCDE-4E5B-8D6F-82BD397082E6}.Debug|x64.ActiveCfg = Debug|Any CPU
		{B8E6F6B7-FCDE-4E5B-8D6F-82BD397082E6}.Debug|x64.Build.0 = Debug|Any CPU
		{B8E6F6B7-FCDE-4E5B-8D6F-82BD397082E6}.Debug|x86.ActiveCfg = Debug|Any CPU
		{B8E6F6B7-FCDE-4E5B-8D6F-82BD397082E6}.Debug|x86.Build.0 = Debug|Any CPU
		{B8E6F6B7-FCDE-4E5B-8D6F-82BD397082E6}.Release|Any CPU.ActiveCfg = Release|Any CPU
		{B8E6F6B7-FCDE-4E5B-8D6F-82BD397082E6}.Release|Any CPU.Build.0 = Release|Any CPU
		{B8E6F6B7-FCDE-4E5B-8D6F-82BD397082E6}.Release|x64.ActiveCfg = Release|Any CPU
		{B8E6F6B7-FCDE-4E5B-8D6F-82BD397082E6}.Release|x64.Build.0 = Release|Any CPU
		{B8E6F6B7-FCDE-4E5B-8D6F-82BD397082E6}.Release|x86.ActiveCfg = Release|Any CPU
		{B8E6F6B7-FCDE-4E5B-8D6F-82BD397082E6}.Release|x86.Build.0 = Release|Any CPU
		{C1D3A300-1234-4F56-8ABC-1234567890AB}.Debug|Any CPU.ActiveCfg = Debug|Any CPU
		{C1D3A300-1234-4F56-8ABC-1234567890AB}.Debug|Any CPU.Build.0 = Debug|Any CPU
		{C1D3A300-1234-4F56-8ABC-1234567890AB}.Debug|x64.ActiveCfg = Debug|Any CPU
		{C1D3A300-1234-4F56-8ABC-1234567890AB}.Debug|x64.Build.0 = Debug|Any CPU
		{C1D3A300-1234-4F56-8ABC-1234567890AB}.Debug|x86.ActiveCfg = Debug|Any CPU
		{C1D3A300-1234-4F56-8ABC-1234567890AB}.Debug|x86.Build.0 = Debug|Any CPU
		{C1D3A300-1234-4F56-8ABC-1234567890AB}.Release|Any CPU.ActiveCfg = Release|Any CPU
		{C1D3A300-1234-4F56-8ABC-1234567890AB}.Release|Any CPU.Build.0 = Release|Any CPU
		{C1D3A300-1234-4F56-8ABC-1234567890AB}.Release|x64.ActiveCfg = Release|Any CPU
		{C1D3A300-1234-4F56-8ABC-1234567890AB}.Release|x64.Build.0 = Release|Any CPU
		{C1D3A300-1234-4F56-8ABC-1234567890AB}.Release|x86.ActiveCfg = Release|Any CPU
		{C1D3A300-1234-4F56-8ABC-1234567890AB}.Release|x86.Build.0 = Release|Any CPU
	EndGlobalSection
	GlobalSection(SolutionProperties) = preSolution
		HideSolutionNode = FALSE
	EndGlobalSection
	GlobalSection(ExtensibilityGlobals) = postSolution
		SolutionGuid = {334AC94B-B647-49FC-88A6-22C75EF666E5}
	EndGlobalSection
EndGlobal
